// !$*UTF8*$!
{
	archiveVersion = 1;
	classes = {
	};
	objectVersion = 46;
	objects = {

/* Begin PBXBuildFile section */
		417F56911DF2DBEE00443060 /* main.m in Sources */ = {isa = PBXBuildFile; fileRef = 417F56901DF2DBEE00443060 /* main.m */; };
		417F56941DF2DBEE00443060 /* AppDelegate.m in Sources */ = {isa = PBXBuildFile; fileRef = 417F56931DF2DBEE00443060 /* AppDelegate.m */; };
		417F56971DF2DBEE00443060 /* ViewController.m in Sources */ = {isa = PBXBuildFile; fileRef = 417F56961DF2DBEE00443060 /* ViewController.m */; };
		417F569A1DF2DBEE00443060 /* Main.storyboard in Resources */ = {isa = PBXBuildFile; fileRef = 417F56981DF2DBEE00443060 /* Main.storyboard */; };
		417F569C1DF2DBEE00443060 /* Assets.xcassets in Resources */ = {isa = PBXBuildFile; fileRef = 417F569B1DF2DBEE00443060 /* Assets.xcassets */; };
		417F569F1DF2DBEE00443060 /* LaunchScreen.storyboard in Resources */ = {isa = PBXBuildFile; fileRef = 417F569D1DF2DBEE00443060 /* LaunchScreen.storyboard */; };
		417F56AA1DF2DBEE00443060 /* WebBridgeNativeExampleTests.m in Sources */ = {isa = PBXBuildFile; fileRef = 417F56A91DF2DBEE00443060 /* WebBridgeNativeExampleTests.m */; };
		417F56B51DF2DBEE00443060 /* WebBridgeNativeExampleUITests.m in Sources */ = {isa = PBXBuildFile; fileRef = 417F56B41DF2DBEE00443060 /* WebBridgeNativeExampleUITests.m */; };
		417F56CB1DF2DD3900443060 /* demo.html in Resources */ = {isa = PBXBuildFile; fileRef = 417F56CA1DF2DD3900443060 /* demo.html */; };
		417F56CF1DF2DD4000443060 /* TestViewController.m in Sources */ = {isa = PBXBuildFile; fileRef = 417F56CD1DF2DD4000443060 /* TestViewController.m */; };
		417F56D01DF2DD4000443060 /* TestViewController.xib in Resources */ = {isa = PBXBuildFile; fileRef = 417F56CE1DF2DD4000443060 /* TestViewController.xib */; };
		41CEC3331E0241D1008E1B77 /* MCEncrypt.m in Sources */ = {isa = PBXBuildFile; fileRef = 41CEC32D1E0241D1008E1B77 /* MCEncrypt.m */; };
		41CEC3341E0241D1008E1B77 /* MCRuntimeKeyValue.m in Sources */ = {isa = PBXBuildFile; fileRef = 41CEC32F1E0241D1008E1B77 /* MCRuntimeKeyValue.m */; };
		41CEC3351E0241D1008E1B77 /* MCURLBridgeNative.m in Sources */ = {isa = PBXBuildFile; fileRef = 41CEC3311E0241D1008E1B77 /* MCURLBridgeNative.m */; };
		41CEC3381E024F36008E1B77 /* MCJSBridgeNative.m in Sources */ = {isa = PBXBuildFile; fileRef = 41CEC3371E024F36008E1B77 /* MCJSBridgeNative.m */; };
/* End PBXBuildFile section */

/* Begin PBXContainerItemProxy section */
		417F56A61DF2DBEE00443060 /* PBXContainerItemProxy */ = {
			isa = PBXContainerItemProxy;
			containerPortal = 417F56841DF2DBEE00443060 /* Project object */;
			proxyType = 1;
			remoteGlobalIDString = 417F568B1DF2DBEE00443060;
			remoteInfo = WebBridgeNativeExample;
		};
		417F56B11DF2DBEE00443060 /* PBXContainerItemProxy */ = {
			isa = PBXContainerItemProxy;
			containerPortal = 417F56841DF2DBEE00443060 /* Project object */;
			proxyType = 1;
			remoteGlobalIDString = 417F568B1DF2DBEE00443060;
			remoteInfo = WebBridgeNativeExample;
		};
/* End PBXContainerItemProxy section */

/* Begin PBXFileReference section */
		417F568C1DF2DBEE00443060 /* WebBridgeNativeExample.app */ = {isa = PBXFileReference; explicitFileType = wrapper.application; includeInIndex = 0; path = WebBridgeNativeExample.app; sourceTree = BUILT_PRODUCTS_DIR; };
		417F56901DF2DBEE00443060 /* main.m */ = {isa = PBXFileReference; lastKnownFileType = sourcecode.c.objc; path = main.m; sourceTree = "<group>"; };
		417F56921DF2DBEE00443060 /* AppDelegate.h */ = {isa = PBXFileReference; lastKnownFileType = sourcecode.c.h; path = AppDelegate.h; sourceTree = "<group>"; };
		417F56931DF2DBEE00443060 /* AppDelegate.m */ = {isa = PBXFileReference; lastKnownFileType = sourcecode.c.objc; path = AppDelegate.m; sourceTree = "<group>"; };
		417F56951DF2DBEE00443060 /* ViewController.h */ = {isa = PBXFileReference; lastKnownFileType = sourcecode.c.h; path = ViewController.h; sourceTree = "<group>"; };
		417F56961DF2DBEE00443060 /* ViewController.m */ = {isa = PBXFileReference; lastKnownFileType = sourcecode.c.objc; path = ViewController.m; sourceTree = "<group>"; };
		417F56991DF2DBEE00443060 /* Base */ = {isa = PBXFileReference; lastKnownFileType = file.storyboard; name = Base; path = Base.lproj/Main.storyboard; sourceTree = "<group>"; };
		417F569B1DF2DBEE00443060 /* Assets.xcassets */ = {isa = PBXFileReference; lastKnownFileType = folder.assetcatalog; path = Assets.xcassets; sourceTree = "<group>"; };
		417F569E1DF2DBEE00443060 /* Base */ = {isa = PBXFileReference; lastKnownFileType = file.storyboard; name = Base; path = Base.lproj/LaunchScreen.storyboard; sourceTree = "<group>"; };
		417F56A01DF2DBEE00443060 /* Info.plist */ = {isa = PBXFileReference; lastKnownFileType = text.plist.xml; path = Info.plist; sourceTree = "<group>"; };
		417F56A51DF2DBEE00443060 /* WebBridgeNativeExampleTests.xctest */ = {isa = PBXFileReference; explicitFileType = wrapper.cfbundle; includeInIndex = 0; path = WebBridgeNativeExampleTests.xctest; sourceTree = BUILT_PRODUCTS_DIR; };
		417F56A91DF2DBEE00443060 /* WebBridgeNativeExampleTests.m */ = {isa = PBXFileReference; lastKnownFileType = sourcecode.c.objc; path = WebBridgeNativeExampleTests.m; sourceTree = "<group>"; };
		417F56AB1DF2DBEE00443060 /* Info.plist */ = {isa = PBXFileReference; lastKnownFileType = text.plist.xml; path = Info.plist; sourceTree = "<group>"; };
		417F56B01DF2DBEE00443060 /* WebBridgeNativeExampleUITests.xctest */ = {isa = PBXFileReference; explicitFileType = wrapper.cfbundle; includeInIndex = 0; path = WebBridgeNativeExampleUITests.xctest; sourceTree = BUILT_PRODUCTS_DIR; };
		417F56B41DF2DBEE00443060 /* WebBridgeNativeExampleUITests.m */ = {isa = PBXFileReference; lastKnownFileType = sourcecode.c.objc; path = WebBridgeNativeExampleUITests.m; sourceTree = "<group>"; };
		417F56B61DF2DBEE00443060 /* Info.plist */ = {isa = PBXFileReference; lastKnownFileType = text.plist.xml; path = Info.plist; sourceTree = "<group>"; };
		417F56CA1DF2DD3900443060 /* demo.html */ = {isa = PBXFileReference; fileEncoding = 4; lastKnownFileType = text.html; path = demo.html; sourceTree = "<group>"; };
		417F56CC1DF2DD4000443060 /* TestViewController.h */ = {isa = PBXFileReference; fileEncoding = 4; lastKnownFileType = sourcecode.c.h; path = TestViewController.h; sourceTree = "<group>"; };
		417F56CD1DF2DD4000443060 /* TestViewController.m */ = {isa = PBXFileReference; fileEncoding = 4; lastKnownFileType = sourcecode.c.objc; path = TestViewController.m; sourceTree = "<group>"; };
		417F56CE1DF2DD4000443060 /* TestViewController.xib */ = {isa = PBXFileReference; fileEncoding = 4; lastKnownFileType = file.xib; path = TestViewController.xib; sourceTree = "<group>"; };
		41CEC32C1E0241D1008E1B77 /* MCEncrypt.h */ = {isa = PBXFileReference; fileEncoding = 4; lastKnownFileType = sourcecode.c.h; path = MCEncrypt.h; sourceTree = "<group>"; };
		41CEC32D1E0241D1008E1B77 /* MCEncrypt.m */ = {isa = PBXFileReference; fileEncoding = 4; lastKnownFileType = sourcecode.c.objc; path = MCEncrypt.m; sourceTree = "<group>"; };
		41CEC32E1E0241D1008E1B77 /* MCRuntimeKeyValue.h */ = {isa = PBXFileReference; fileEncoding = 4; lastKnownFileType = sourcecode.c.h; path = MCRuntimeKeyValue.h; sourceTree = "<group>"; };
		41CEC32F1E0241D1008E1B77 /* MCRuntimeKeyValue.m */ = {isa = PBXFileReference; fileEncoding = 4; lastKnownFileType = sourcecode.c.objc; path = MCRuntimeKeyValue.m; sourceTree = "<group>"; };
		41CEC3301E0241D1008E1B77 /* MCURLBridgeNative.h */ = {isa = PBXFileReference; fileEncoding = 4; lastKnownFileType = sourcecode.c.h; path = MCURLBridgeNative.h; sourceTree = "<group>"; };
		41CEC3311E0241D1008E1B77 /* MCURLBridgeNative.m */ = {isa = PBXFileReference; fileEncoding = 4; lastKnownFileType = sourcecode.c.objc; path = MCURLBridgeNative.m; sourceTree = "<group>"; };
		41CEC3321E0241D1008E1B77 /* MCWebBridgeNative.h */ = {isa = PBXFileReference; fileEncoding = 4; lastKnownFileType = sourcecode.c.h; path = MCWebBridgeNative.h; sourceTree = "<group>"; };
		41CEC3361E024F36008E1B77 /* MCJSBridgeNative.h */ = {isa = PBXFileReference; fileEncoding = 4; lastKnownFileType = sourcecode.c.h; path = MCJSBridgeNative.h; sourceTree = "<group>"; };
		41CEC3371E024F36008E1B77 /* MCJSBridgeNative.m */ = {isa = PBXFileReference; fileEncoding = 4; lastKnownFileType = sourcecode.c.objc; path = MCJSBridgeNative.m; sourceTree = "<group>"; };
/* End PBXFileReference section */

/* Begin PBXFrameworksBuildPhase section */
		417F56891DF2DBEE00443060 /* Frameworks */ = {
			isa = PBXFrameworksBuildPhase;
			buildActionMask = 2147483647;
			files = (
			);
			runOnlyForDeploymentPostprocessing = 0;
		};
		417F56A21DF2DBEE00443060 /* Frameworks */ = {
			isa = PBXFrameworksBuildPhase;
			buildActionMask = 2147483647;
			files = (
			);
			runOnlyForDeploymentPostprocessing = 0;
		};
		417F56AD1DF2DBEE00443060 /* Frameworks */ = {
			isa = PBXFrameworksBuildPhase;
			buildActionMask = 2147483647;
			files = (
			);
			runOnlyForDeploymentPostprocessing = 0;
		};
/* End PBXFrameworksBuildPhase section */

/* Begin PBXGroup section */
		417F56831DF2DBEE00443060 = {
			isa = PBXGroup;
			children = (
				417F568E1DF2DBEE00443060 /* WebBridgeNativeExample */,
				417F56A81DF2DBEE00443060 /* WebBridgeNativeExampleTests */,
				417F56B31DF2DBEE00443060 /* WebBridgeNativeExampleUITests */,
				417F568D1DF2DBEE00443060 /* Products */,
			);
			sourceTree = "<group>";
		};
		417F568D1DF2DBEE00443060 /* Products */ = {
			isa = PBXGroup;
			children = (
				417F568C1DF2DBEE00443060 /* WebBridgeNativeExample.app */,
				417F56A51DF2DBEE00443060 /* WebBridgeNativeExampleTests.xctest */,
				417F56B01DF2DBEE00443060 /* WebBridgeNativeExampleUITests.xctest */,
			);
			name = Products;
			sourceTree = "<group>";
		};
		417F568E1DF2DBEE00443060 /* WebBridgeNativeExample */ = {
			isa = PBXGroup;
			children = (
				41CEC32B1E0241D1008E1B77 /* WebBridgeNative */,
				417F56951DF2DBEE00443060 /* ViewController.h */,
				417F56961DF2DBEE00443060 /* ViewController.m */,
				417F56CC1DF2DD4000443060 /* TestViewController.h */,
				417F56CD1DF2DD4000443060 /* TestViewController.m */,
				417F56CE1DF2DD4000443060 /* TestViewController.xib */,
				417F56CA1DF2DD3900443060 /* demo.html */,
				417F568F1DF2DBEE00443060 /* Supporting Files */,
			);
			path = WebBridgeNativeExample;
			sourceTree = "<group>";
		};
		417F568F1DF2DBEE00443060 /* Supporting Files */ = {
			isa = PBXGroup;
			children = (
				417F56981DF2DBEE00443060 /* Main.storyboard */,
				417F569B1DF2DBEE00443060 /* Assets.xcassets */,
				417F569D1DF2DBEE00443060 /* LaunchScreen.storyboard */,
				417F56A01DF2DBEE00443060 /* Info.plist */,
				417F56921DF2DBEE00443060 /* AppDelegate.h */,
				417F56931DF2DBEE00443060 /* AppDelegate.m */,
				417F56901DF2DBEE00443060 /* main.m */,
			);
			name = "Supporting Files";
			sourceTree = "<group>";
		};
		417F56A81DF2DBEE00443060 /* WebBridgeNativeExampleTests */ = {
			isa = PBXGroup;
			children = (
				417F56A91DF2DBEE00443060 /* WebBridgeNativeExampleTests.m */,
				417F56AB1DF2DBEE00443060 /* Info.plist */,
			);
			path = WebBridgeNativeExampleTests;
			sourceTree = "<group>";
		};
		417F56B31DF2DBEE00443060 /* WebBridgeNativeExampleUITests */ = {
			isa = PBXGroup;
			children = (
				417F56B41DF2DBEE00443060 /* WebBridgeNativeExampleUITests.m */,
				417F56B61DF2DBEE00443060 /* Info.plist */,
			);
			path = WebBridgeNativeExampleUITests;
			sourceTree = "<group>";
		};
		41CEC32B1E0241D1008E1B77 /* WebBridgeNative */ = {
			isa = PBXGroup;
			children = (
				41CEC3321E0241D1008E1B77 /* MCWebBridgeNative.h */,
				41CEC32C1E0241D1008E1B77 /* MCEncrypt.h */,
				41CEC32D1E0241D1008E1B77 /* MCEncrypt.m */,
				41CEC32E1E0241D1008E1B77 /* MCRuntimeKeyValue.h */,
				41CEC32F1E0241D1008E1B77 /* MCRuntimeKeyValue.m */,
				41CEC3301E0241D1008E1B77 /* MCURLBridgeNative.h */,
				41CEC3311E0241D1008E1B77 /* MCURLBridgeNative.m */,
				41CEC3361E024F36008E1B77 /* MCJSBridgeNative.h */,
				41CEC3371E024F36008E1B77 /* MCJSBridgeNative.m */,
			);
			name = WebBridgeNative;
			path = ../../WebBridgeNative;
			sourceTree = "<group>";
		};
/* End PBXGroup section */

/* Begin PBXNativeTarget section */
		417F568B1DF2DBEE00443060 /* WebBridgeNativeExample */ = {
			isa = PBXNativeTarget;
			buildConfigurationList = 417F56B91DF2DBEE00443060 /* Build configuration list for PBXNativeTarget "WebBridgeNativeExample" */;
			buildPhases = (
				417F56881DF2DBEE00443060 /* Sources */,
				417F56891DF2DBEE00443060 /* Frameworks */,
				417F568A1DF2DBEE00443060 /* Resources */,
			);
			buildRules = (
			);
			dependencies = (
			);
			name = WebBridgeNativeExample;
			productName = WebBridgeNativeExample;
			productReference = 417F568C1DF2DBEE00443060 /* WebBridgeNativeExample.app */;
			productType = "com.apple.product-type.application";
		};
		417F56A41DF2DBEE00443060 /* WebBridgeNativeExampleTests */ = {
			isa = PBXNativeTarget;
			buildConfigurationList = 417F56BC1DF2DBEE00443060 /* Build configuration list for PBXNativeTarget "WebBridgeNativeExampleTests" */;
			buildPhases = (
				417F56A11DF2DBEE00443060 /* Sources */,
				417F56A21DF2DBEE00443060 /* Frameworks */,
				417F56A31DF2DBEE00443060 /* Resources */,
			);
			buildRules = (
			);
			dependencies = (
				417F56A71DF2DBEE00443060 /* PBXTargetDependency */,
			);
			name = WebBridgeNativeExampleTests;
			productName = WebBridgeNativeExampleTests;
			productReference = 417F56A51DF2DBEE00443060 /* WebBridgeNativeExampleTests.xctest */;
			productType = "com.apple.product-type.bundle.unit-test";
		};
		417F56AF1DF2DBEE00443060 /* WebBridgeNativeExampleUITests */ = {
			isa = PBXNativeTarget;
			buildConfigurationList = 417F56BF1DF2DBEE00443060 /* Build configuration list for PBXNativeTarget "WebBridgeNativeExampleUITests" */;
			buildPhases = (
				417F56AC1DF2DBEE00443060 /* Sources */,
				417F56AD1DF2DBEE00443060 /* Frameworks */,
				417F56AE1DF2DBEE00443060 /* Resources */,
			);
			buildRules = (
			);
			dependencies = (
				417F56B21DF2DBEE00443060 /* PBXTargetDependency */,
			);
			name = WebBridgeNativeExampleUITests;
			productName = WebBridgeNativeExampleUITests;
			productReference = 417F56B01DF2DBEE00443060 /* WebBridgeNativeExampleUITests.xctest */;
			productType = "com.apple.product-type.bundle.ui-testing";
		};
/* End PBXNativeTarget section */

/* Begin PBXProject section */
		417F56841DF2DBEE00443060 /* Project object */ = {
			isa = PBXProject;
			attributes = {
				LastUpgradeCheck = 0810;
				ORGANIZATIONNAME = "marco chen";
				TargetAttributes = {
					417F568B1DF2DBEE00443060 = {
						CreatedOnToolsVersion = 8.1;
						DevelopmentTeam = X7ZHUDCZT7;
						ProvisioningStyle = Automatic;
					};
					417F56A41DF2DBEE00443060 = {
						CreatedOnToolsVersion = 8.1;
						DevelopmentTeam = X7ZHUDCZT7;
						ProvisioningStyle = Automatic;
						TestTargetID = 417F568B1DF2DBEE00443060;
					};
					417F56AF1DF2DBEE00443060 = {
						CreatedOnToolsVersion = 8.1;
						DevelopmentTeam = X7ZHUDCZT7;
						ProvisioningStyle = Automatic;
						TestTargetID = 417F568B1DF2DBEE00443060;
					};
				};
			};
			buildConfigurationList = 417F56871DF2DBEE00443060 /* Build configuration list for PBXProject "WebBridgeNativeExample" */;
			compatibilityVersion = "Xcode 3.2";
			developmentRegion = English;
			hasScannedForEncodings = 0;
			knownRegions = (
				en,
				Base,
			);
			mainGroup = 417F56831DF2DBEE00443060;
			productRefGroup = 417F568D1DF2DBEE00443060 /* Products */;
			projectDirPath = "";
			projectRoot = "";
			targets = (
				417F568B1DF2DBEE00443060 /* WebBridgeNativeExample */,
				417F56A41DF2DBEE00443060 /* WebBridgeNativeExampleTests */,
				417F56AF1DF2DBEE00443060 /* WebBridgeNativeExampleUITests */,
			);
		};
/* End PBXProject section */

/* Begin PBXResourcesBuildPhase section */
		417F568A1DF2DBEE00443060 /* Resources */ = {
			isa = PBXResourcesBuildPhase;
			buildActionMask = 2147483647;
			files = (
				417F569F1DF2DBEE00443060 /* LaunchScreen.storyboard in Resources */,
				417F56D01DF2DD4000443060 /* TestViewController.xib in Resources */,
				417F56CB1DF2DD3900443060 /* demo.html in Resources */,
				417F569C1DF2DBEE00443060 /* Assets.xcassets in Resources */,
				417F569A1DF2DBEE00443060 /* Main.storyboard in Resources */,
			);
			runOnlyForDeploymentPostprocessing = 0;
		};
		417F56A31DF2DBEE00443060 /* Resources */ = {
			isa = PBXResourcesBuildPhase;
			buildActionMask = 2147483647;
			files = (
			);
			runOnlyForDeploymentPostprocessing = 0;
		};
		417F56AE1DF2DBEE00443060 /* Resources */ = {
			isa = PBXResourcesBuildPhase;
			buildActionMask = 2147483647;
			files = (
			);
			runOnlyForDeploymentPostprocessing = 0;
		};
/* End PBXResourcesBuildPhase section */

/* Begin PBXSourcesBuildPhase section */
		417F56881DF2DBEE00443060 /* Sources */ = {
			isa = PBXSourcesBuildPhase;
			buildActionMask = 2147483647;
			files = (
				417F56CF1DF2DD4000443060 /* TestViewController.m in Sources */,
				41CEC3331E0241D1008E1B77 /* MCEncrypt.m in Sources */,
				41CEC3351E0241D1008E1B77 /* MCURLBridgeNative.m in Sources */,
				41CEC3341E0241D1008E1B77 /* MCRuntimeKeyValue.m in Sources */,
				417F56971DF2DBEE00443060 /* ViewController.m in Sources */,
				417F56941DF2DBEE00443060 /* AppDelegate.m in Sources */,
				41CEC3381E024F36008E1B77 /* MCJSBridgeNative.m in Sources */,
				417F56911DF2DBEE00443060 /* main.m in Sources */,
			);
			runOnlyForDeploymentPostprocessing = 0;
		};
		417F56A11DF2DBEE00443060 /* Sources */ = {
			isa = PBXSourcesBuildPhase;
			buildActionMask = 2147483647;
			files = (
				417F56AA1DF2DBEE00443060 /* WebBridgeNativeExampleTests.m in Sources */,
			);
			runOnlyForDeploymentPostprocessing = 0;
		};
		417F56AC1DF2DBEE00443060 /* Sources */ = {
			isa = PBXSourcesBuildPhase;
			buildActionMask = 2147483647;
			files = (
				417F56B51DF2DBEE00443060 /* WebBridgeNativeExampleUITests.m in Sources */,
			);
			runOnlyForDeploymentPostprocessing = 0;
		};
/* End PBXSourcesBuildPhase section */

/* Begin PBXTargetDependency section */
		417F56A71DF2DBEE00443060 /* PBXTargetDependency */ = {
			isa = PBXTargetDependency;
			target = 417F568B1DF2DBEE00443060 /* WebBridgeNativeExample */;
			targetProxy = 417F56A61DF2DBEE00443060 /* PBXContainerItemProxy */;
		};
		417F56B21DF2DBEE00443060 /* PBXTargetDependency */ = {
			isa = PBXTargetDependency;
			target = 417F568B1DF2DBEE00443060 /* WebBridgeNativeExample */;
			targetProxy = 417F56B11DF2DBEE00443060 /* PBXContainerItemProxy */;
		};
/* End PBXTargetDependency section */

/* Begin PBXVariantGroup section */
		417F56981DF2DBEE00443060 /* Main.storyboard */ = {
			isa = PBXVariantGroup;
			children = (
				417F56991DF2DBEE00443060 /* Base */,
			);
			name = Main.storyboard;
			sourceTree = "<group>";
		};
		417F569D1DF2DBEE00443060 /* LaunchScreen.storyboard */ = {
			isa = PBXVariantGroup;
			children = (
				417F569E1DF2DBEE00443060 /* Base */,
			);
			name = LaunchScreen.storyboard;
			sourceTree = "<group>";
		};
/* End PBXVariantGroup section */

/* Begin XCBuildConfiguration section */
		417F56B71DF2DBEE00443060 /* Debug */ = {
			isa = XCBuildConfiguration;
			buildSettings = {
				ALWAYS_SEARCH_USER_PATHS = NO;
				CLANG_ANALYZER_NONNULL = YES;
				CLANG_CXX_LANGUAGE_STANDARD = "gnu++0x";
				CLANG_CXX_LIBRARY = "libc++";
				CLANG_ENABLE_MODULES = YES;
				CLANG_ENABLE_OBJC_ARC = YES;
				CLANG_WARN_BOOL_CONVERSION = YES;
				CLANG_WARN_CONSTANT_CONVERSION = YES;
				CLANG_WARN_DIRECT_OBJC_ISA_USAGE = YES_ERROR;
				CLANG_WARN_DOCUMENTATION_COMMENTS = YES;
				CLANG_WARN_EMPTY_BODY = YES;
				CLANG_WARN_ENUM_CONVERSION = YES;
				CLANG_WARN_INFINITE_RECURSION = YES;
				CLANG_WARN_INT_CONVERSION = YES;
				CLANG_WARN_OBJC_ROOT_CLASS = YES_ERROR;
				CLANG_WARN_SUSPICIOUS_MOVES = YES;
				CLANG_WARN_UNREACHABLE_CODE = YES;
				CLANG_WARN__DUPLICATE_METHOD_MATCH = YES;
				"CODE_SIGN_IDENTITY[sdk=iphoneos*]" = "iPhone Developer";
				COPY_PHASE_STRIP = NO;
				DEBUG_INFORMATION_FORMAT = dwarf;
				ENABLE_STRICT_OBJC_MSGSEND = YES;
				ENABLE_TESTABILITY = YES;
				GCC_C_LANGUAGE_STANDARD = gnu99;
				GCC_DYNAMIC_NO_PIC = NO;
				GCC_NO_COMMON_BLOCKS = YES;
				GCC_OPTIMIZATION_LEVEL = 0;
				GCC_PREPROCESSOR_DEFINITIONS = (
					"DEBUG=1",
					"$(inherited)",
				);
				GCC_WARN_64_TO_32_BIT_CONVERSION = YES;
				GCC_WARN_ABOUT_RETURN_TYPE = YES_ERROR;
				GCC_WARN_UNDECLARED_SELECTOR = YES;
				GCC_WARN_UNINITIALIZED_AUTOS = YES_AGGRESSIVE;
				GCC_WARN_UNUSED_FUNCTION = YES;
				GCC_WARN_UNUSED_VARIABLE = YES;
				IPHONEOS_DEPLOYMENT_TARGET = 10.1;
				MTL_ENABLE_DEBUG_INFO = YES;
				ONLY_ACTIVE_ARCH = YES;
				SDKROOT = iphoneos;
				TARGETED_DEVICE_FAMILY = "1,2";
			};
			name = Debug;
		};
		417F56B81DF2DBEE00443060 /* Release */ = {
			isa = XCBuildConfiguration;
			buildSettings = {
				ALWAYS_SEARCH_USER_PATHS = NO;
				CLANG_ANALYZER_NONNULL = YES;
				CLANG_CXX_LANGUAGE_STANDARD = "gnu++0x";
				CLANG_CXX_LIBRARY = "libc++";
				CLANG_ENABLE_MODULES = YES;
				CLANG_ENABLE_OBJC_ARC = YES;
				CLANG_WARN_BOOL_CONVERSION = YES;
				CLANG_WARN_CONSTANT_CONVERSION = YES;
				CLANG_WARN_DIRECT_OBJC_ISA_USAGE = YES_ERROR;
				CLANG_WARN_DOCUMENTATION_COMMENTS = YES;
				CLANG_WARN_EMPTY_BODY = YES;
				CLANG_WARN_ENUM_CONVERSION = YES;
				CLANG_WARN_INFINITE_RECURSION = YES;
				CLANG_WARN_INT_CONVERSION = YES;
				CLANG_WARN_OBJC_ROOT_CLASS = YES_ERROR;
				CLANG_WARN_SUSPICIOUS_MOVES = YES;
				CLANG_WARN_UNREACHABLE_CODE = YES;
				CLANG_WARN__DUPLICATE_METHOD_MATCH = YES;
				"CODE_SIGN_IDENTITY[sdk=iphoneos*]" = "iPhone Developer";
				COPY_PHASE_STRIP = NO;
				DEBUG_INFORMATION_FORMAT = "dwarf-with-dsym";
				ENABLE_NS_ASSERTIONS = NO;
				ENABLE_STRICT_OBJC_MSGSEND = YES;
				GCC_C_LANGUAGE_STANDARD = gnu99;
				GCC_NO_COMMON_BLOCKS = YES;
				GCC_WARN_64_TO_32_BIT_CONVERSION = YES;
				GCC_WARN_ABOUT_RETURN_TYPE = YES_ERROR;
				GCC_WARN_UNDECLARED_SELECTOR = YES;
				GCC_WARN_UNINITIALIZED_AUTOS = YES_AGGRESSIVE;
				GCC_WARN_UNUSED_FUNCTION = YES;
				GCC_WARN_UNUSED_VARIABLE = YES;
				IPHONEOS_DEPLOYMENT_TARGET = 10.1;
				MTL_ENABLE_DEBUG_INFO = NO;
				SDKROOT = iphoneos;
				TARGETED_DEVICE_FAMILY = "1,2";
				VALIDATE_PRODUCT = YES;
			};
			name = Release;
		};
		417F56BA1DF2DBEE00443060 /* Debug */ = {
			isa = XCBuildConfiguration;
			buildSettings = {
				ASSETCATALOG_COMPILER_APPICON_NAME = AppIcon;
				DEVELOPMENT_TEAM = X7ZHUDCZT7;
				ENABLE_STRICT_OBJC_MSGSEND = NO;
				INFOPLIST_FILE = WebBridgeNativeExample/Info.plist;
				LD_RUNPATH_SEARCH_PATHS = "$(inherited) @executable_path/Frameworks";
				PRODUCT_BUNDLE_IDENTIFIER = "marco-chen.WebBridgeNativeExample";
				PRODUCT_NAME = "$(TARGET_NAME)";
			};
			name = Debug;
		};
		417F56BB1DF2DBEE00443060 /* Release */ = {
			isa = XCBuildConfiguration;
			buildSettings = {
				ASSETCATALOG_COMPILER_APPICON_NAME = AppIcon;
				DEVELOPMENT_TEAM = X7ZHUDCZT7;
				ENABLE_STRICT_OBJC_MSGSEND = NO;
				INFOPLIST_FILE = WebBridgeNativeExample/Info.plist;
				LD_RUNPATH_SEARCH_PATHS = "$(inherited) @executable_path/Frameworks";
				PRODUCT_BUNDLE_IDENTIFIER = "marco-chen.WebBridgeNativeExample";
				PRODUCT_NAME = "$(TARGET_NAME)";
			};
			name = Release;
		};
		417F56BD1DF2DBEE00443060 /* Debug */ = {
			isa = XCBuildConfiguration;
			buildSettings = {
				BUNDLE_LOADER = "$(TEST_HOST)";
				DEVELOPMENT_TEAM = X7ZHUDCZT7;
				INFOPLIST_FILE = WebBridgeNativeExampleTests/Info.plist;
				LD_RUNPATH_SEARCH_PATHS = "$(inherited) @executable_path/Frameworks @loader_path/Frameworks";
				PRODUCT_BUNDLE_IDENTIFIER = "marco-chen.WebBridgeNativeExampleTests";
				PRODUCT_NAME = "$(TARGET_NAME)";
				TEST_HOST = "$(BUILT_PRODUCTS_DIR)/WebBridgeNativeExample.app/WebBridgeNativeExample";
			};
			name = Debug;
		};
		417F56BE1DF2DBEE00443060 /* Release */ = {
			isa = XCBuildConfiguration;
			buildSettings = {
				BUNDLE_LOADER = "$(TEST_HOST)";
				DEVELOPMENT_TEAM = X7ZHUDCZT7;
				INFOPLIST_FILE = WebBridgeNativeExampleTests/Info.plist;
				LD_RUNPATH_SEARCH_PATHS = "$(inherited) @executable_path/Frameworks @loader_path/Frameworks";
				PRODUCT_BUNDLE_IDENTIFIER = "marco-chen.WebBridgeNativeExampleTests";
				PRODUCT_NAME = "$(TARGET_NAME)";
				TEST_HOST = "$(BUILT_PRODUCTS_DIR)/WebBridgeNativeExample.app/WebBridgeNativeExample";
			};
			name = Release;
		};
		417F56C01DF2DBEE00443060 /* Debug */ = {
			isa = XCBuildConfiguration;
			buildSettings = {
				DEVELOPMENT_TEAM = X7ZHUDCZT7;
				INFOPLIST_FILE = WebBridgeNativeExampleUITests/Info.plist;
				LD_RUNPATH_SEARCH_PATHS = "$(inherited) @executable_path/Frameworks @loader_path/Frameworks";
				PRODUCT_BUNDLE_IDENTIFIER = "marco-chen.WebBridgeNativeExampleUITests";
				PRODUCT_NAME = "$(TARGET_NAME)";
				TEST_TARGET_NAME = WebBridgeNativeExample;
			};
			name = Debug;
		};
		417F56C11DF2DBEE00443060 /* Release */ = {
			isa = XCBuildConfiguration;
			buildSettings = {
				DEVELOPMENT_TEAM = X7ZHUDCZT7;
				INFOPLIST_FILE = WebBridgeNativeExampleUITests/Info.plist;
				LD_RUNPATH_SEARCH_PATHS = "$(inherited) @executable_path/Frameworks @loader_path/Frameworks";
				PRODUCT_BUNDLE_IDENTIFIER = "marco-chen.WebBridgeNativeExampleUITests";
				PRODUCT_NAME = "$(TARGET_NAME)";
				TEST_TARGET_NAME = WebBridgeNativeExample;
			};
			name = Release;
		};
/* End XCBuildConfiguration section */

/* Begin XCConfigurationList section */
		417F56871DF2DBEE00443060 /* Build configuration list for PBXProject "WebBridgeNativeExample" */ = {
			isa = XCConfigurationList;
			buildConfigurations = (
				417F56B71DF2DBEE00443060 /* Debug */,
				417F56B81DF2DBEE00443060 /* Release */,
			);
			defaultConfigurationIsVisible = 0;
			defaultConfigurationName = Release;
		};
		417F56B91DF2DBEE00443060 /* Build configuration list for PBXNativeTarget "WebBridgeNativeExample" */ = {
			isa = XCConfigurationList;
			buildConfigurations = (
				417F56BA1DF2DBEE00443060 /* Debug */,
				417F56BB1DF2DBEE00443060 /* Release */,
			);
			defaultConfigurationIsVisible = 0;
			defaultConfigurationName = Release;
		};
		417F56BC1DF2DBEE00443060 /* Build configuration list for PBXNativeTarget "WebBridgeNativeExampleTests" */ = {
			isa = XCConfigurationList;
			buildConfigurations = (
				417F56BD1DF2DBEE00443060 /* Debug */,
				417F56BE1DF2DBEE00443060 /* Release */,
			);
			defaultConfigurationIsVisible = 0;
			defaultConfigurationName = Release;
		};
		417F56BF1DF2DBEE00443060 /* Build configuration list for PBXNativeTarget "WebBridgeNativeExampleUITests" */ = {
			isa = XCConfigurationList;
			buildConfigurations = (
				417F56C01DF2DBEE00443060 /* Debug */,
				417F56C11DF2DBEE00443060 /* Release */,
			);
			defaultConfigurationIsVisible = 0;
			defaultConfigurationName = Release;
		};
/* End XCConfigurationList section */
	};
	rootObject = 417F56841DF2DBEE00443060 /* Project object */;
}
